
Microsoft Visual Studio Solution File, Format Version 12.00
# Visual Studio Version 17
VisualStudioVersion = 17.13.35825.156 d17.13
MinimumVisualStudioVersion = 10.0.40219.1
Project("{FAE04EC0-301F-11D3-BF4B-00C04F79EFBC}") = "AppoinmentApi", "AppoinmentApi\AppoinmentApi.csproj", "{296673B2-4CBC-4536-8E3E-C2771D1BA855}"
EndProject
Project("{FAE04EC0-301F-11D3-BF4B-00C04F79EFBC}") = "AppoinmentCore", "AppoinmentCore\AppoinmentCore.csproj", "{F8E784B7-170B-494A-AA66-BEECAD2EAFA8}"
EndProject
Global
	GlobalSection(SolutionConfigurationPlatforms) = preSolution
		Debug|Any CPU = Debug|Any CPU
		Release|Any CPU = Release|Any CPU
	EndGlobalSection
	GlobalSection(ProjectConfigurationPlatforms) = postSolution
		{296673B2-4CBC-4536-8E3E-C2771D1BA855}.Debug|Any CPU.ActiveCfg = Debug|Any CPU
		{296673B2-4CBC-4536-8E3E-C2771D1BA855}.Debug|Any CPU.Build.0 = Debug|Any CPU
		{296673B2-4CBC-4536-8E3E-C2771D1BA855}.Release|Any CPU.ActiveCfg = Release|Any CPU
		{296673B2-4CBC-4536-8E3E-C2771D1BA855}.Release|Any CPU.Build.0 = Release|Any CPU
		{F8E784B7-170B-494A-AA66-BEECAD2EAFA8}.Debug|Any CPU.ActiveCfg = Debug|Any CPU
		{F8E784B7-170B-494A-AA66-BEECAD2EAFA8}.Debug|Any CPU.Build.0 = Debug|Any CPU
		{F8E784B7-170B-494A-AA66-BEECAD2EAFA8}.Release|Any CPU.ActiveCfg = Release|Any CPU
		{F8E784B7-170B-494A-AA66-BEECAD2EAFA8}.Release|Any CPU.Build.0 = Release|Any CPU
	EndGlobalSection
	GlobalSection(SolutionProperties) = preSolution
		HideSolutionNode = FALSE
	EndGlobalSection
	GlobalSection(ExtensibilityGlobals) = postSolution
		SolutionGuid = {CFE5A544-F650-4F07-BA45-A969C1A29EAA}
	EndGlobalSection
EndGlobal
